
Microsoft Visual Studio Solution File, Format Version 12.00
# Visual Studio Version 17
VisualStudioVersion = 17.14.36603.0 d17.14
MinimumVisualStudioVersion = 10.0.40219.1
Project("{FAE04EC0-301F-11D3-BF4B-00C04F79EFBC}") = "Project_CatTech", "Project_CatTech\Project_CatTech.csproj", "{C46DFF93-B39A-43D5-A513-84487C37447B}"
EndProject
Global
	GlobalSection(SolutionConfigurationPlatforms) = preSolution
		Debug|Any CPU = Debug|Any CPU
		Release|Any CPU = Release|Any CPU
	EndGlobalSection
	GlobalSection(ProjectConfigurationPlatforms) = postSolution
		{C46DFF93-B39A-43D5-A513-84487C37447B}.Debug|Any CPU.ActiveCfg = Debug|Any CPU
		{C46DFF93-B39A-43D5-A513-84487C37447B}.Debug|Any CPU.Build.0 = Debug|Any CPU
		{C46DFF93-B39A-43D5-A513-84487C37447B}.Release|Any CPU.ActiveCfg = Release|Any CPU
		{C46DFF93-B39A-43D5-A513-84487C37447B}.Release|Any CPU.Build.0 = Release|Any CPU
	EndGlobalSection
	GlobalSection(SolutionProperties) = preSolution
		HideSolutionNode = FALSE
	EndGlobalSection
	GlobalSection(ExtensibilityGlobals) = postSolution
		SolutionGuid = {262A874C-F418-4A52-914A-E26D3DA31BDF}
	EndGlobalSection
EndGlobal
